# THIS IS AN AUTOGENERATED FILE. DO NOT EDIT THIS FILE DIRECTLY.
# yarn lockfile v1


"@automapper/classes@^8.7.7":
  version "8.7.7"
  resolved "https://registry.yarnpkg.com/@automapper/classes/-/classes-8.7.7.tgz#2194ba66d4e7689bec23289b56efc5eb69358c9d"
  integrity sha512-FSbvt6QE8XnhKKQZA3kpKLuLrr9x1iW+lNYTrawVLjxQ05zsCGccLxe7moMNrg1wFAVAouQKupFgCGQ7XRjmJw==

"@automapper/core@^8.7.7":
  version "8.7.7"
  resolved "https://registry.yarnpkg.com/@automapper/core/-/core-8.7.7.tgz#b48dd0260d188e6036fafd7ac03727d9295175ab"
  integrity sha512-YfpDJ/xqwUuC0S+BLNk81ZJfeL7CmjirUX/Gk9eQyx146DKvneBZgeZ9v5rDB51Ti14jTxVHis+5JuT7W/q0TA==

reflect-metadata@^0.1.13:
  version "0.1.13"
  resolved "https://registry.yarnpkg.com/reflect-metadata/-/reflect-metadata-0.1.13.tgz#67ae3ca57c972a2aa1642b10fe363fe32d49dc08"
  integrity sha512-Ts1Y/anZELhSsjMcU605fU9RE4Oi3p5ORujwbIKXfWa+0Zxs510Qrmrce5/Jowq3cHSZSJqBjypxmHarc+vEWg==

typescript@^5.1.3:
  version "5.1.3"
  resolved "https://registry.yarnpkg.com/typescript/-/typescript-5.1.3.tgz#8d84219244a6b40b6fb2b33cc1c062f715b9e826"
  integrity sha512-XH627E9vkeqhlZFQuL+UsyAXEnibT0kWR2FWONlr4sTjvxyJYnyefgrkyECLzM5NenmKzRAy2rR/OlYLA1HkZw==
